// !$*UTF8*$!
{
	archiveVersion = 1;
	classes = {
	};
	objectVersion = 55;
	objects = {

/* Begin PBXBuildFile section */
		3075BE632AC17B4200E599E7 /* AuthViewController.swift in Sources */ = {isa = PBXBuildFile; fileRef = 3075BE622AC17B4200E599E7 /* AuthViewController.swift */; };
		3075BE682AC1974500E599E7 /* WebViewViewController.swift in Sources */ = {isa = PBXBuildFile; fileRef = 3075BE672AC1974500E599E7 /* WebViewViewController.swift */; };
		30794ECB2AA5F06A0007C1CE /* ImagesListCell.swift in Sources */ = {isa = PBXBuildFile; fileRef = 30794ECA2AA5F06A0007C1CE /* ImagesListCell.swift */; };
		30868C5F2AAAF17200E062C3 /* ProfileViewController.swift in Sources */ = {isa = PBXBuildFile; fileRef = 30868C5E2AAAF17200E062C3 /* ProfileViewController.swift */; };
		30868C612AAB398D00E062C3 /* SingleImageViewController.swift in Sources */ = {isa = PBXBuildFile; fileRef = 30868C602AAB398D00E062C3 /* SingleImageViewController.swift */; };
		30BAAC992ACD72900019B3F1 /* OAuthTokenResponseBody.swift in Sources */ = {isa = PBXBuildFile; fileRef = 30BAAC982ACD72900019B3F1 /* OAuthTokenResponseBody.swift */; };
		30BAAC9B2ACD747C0019B3F1 /* OAuth2Service.swift in Sources */ = {isa = PBXBuildFile; fileRef = 30BAAC9A2ACD747C0019B3F1 /* OAuth2Service.swift */; };
		30BAACA02ACD79230019B3F1 /* OAuth2TokenStorage.swift in Sources */ = {isa = PBXBuildFile; fileRef = 30BAAC9F2ACD79230019B3F1 /* OAuth2TokenStorage.swift */; };
		30D9B3562A9CD59C0086FE71 /* AppDelegate.swift in Sources */ = {isa = PBXBuildFile; fileRef = 30D9B3552A9CD59C0086FE71 /* AppDelegate.swift */; };
		30D9B3582A9CD59C0086FE71 /* SceneDelegate.swift in Sources */ = {isa = PBXBuildFile; fileRef = 30D9B3572A9CD59C0086FE71 /* SceneDelegate.swift */; };
		30D9B35A2A9CD59C0086FE71 /* ImagesListViewController.swift in Sources */ = {isa = PBXBuildFile; fileRef = 30D9B3592A9CD59C0086FE71 /* ImagesListViewController.swift */; };
		30D9B35D2A9CD59C0086FE71 /* Main.storyboard in Resources */ = {isa = PBXBuildFile; fileRef = 30D9B35B2A9CD59C0086FE71 /* Main.storyboard */; };
		30D9B35F2A9CD59D0086FE71 /* Assets.xcassets in Resources */ = {isa = PBXBuildFile; fileRef = 30D9B35E2A9CD59D0086FE71 /* Assets.xcassets */; };
		30D9B3622A9CD59D0086FE71 /* LaunchScreen.storyboard in Resources */ = {isa = PBXBuildFile; fileRef = 30D9B3602A9CD59D0086FE71 /* LaunchScreen.storyboard */; };
		30F380882AC2BF6C00436B6D /* WebViewViewControllerDelegate.swift in Sources */ = {isa = PBXBuildFile; fileRef = 30F380872AC2BF6C00436B6D /* WebViewViewControllerDelegate.swift */; };
		30FFA35A2ABDCD2A00A00E1F /* Constants.swift in Sources */ = {isa = PBXBuildFile; fileRef = 30FFA3592ABDCD2A00A00E1F /* Constants.swift */; };
/* End PBXBuildFile section */

/* Begin PBXFileReference section */
		3075BE622AC17B4200E599E7 /* AuthViewController.swift */ = {isa = PBXFileReference; lastKnownFileType = sourcecode.swift; path = AuthViewController.swift; sourceTree = "<group>"; };
		3075BE672AC1974500E599E7 /* WebViewViewController.swift */ = {isa = PBXFileReference; lastKnownFileType = sourcecode.swift; path = WebViewViewController.swift; sourceTree = "<group>"; };
		30794ECA2AA5F06A0007C1CE /* ImagesListCell.swift */ = {isa = PBXFileReference; lastKnownFileType = sourcecode.swift; path = ImagesListCell.swift; sourceTree = "<group>"; };
		30868C5E2AAAF17200E062C3 /* ProfileViewController.swift */ = {isa = PBXFileReference; lastKnownFileType = sourcecode.swift; path = ProfileViewController.swift; sourceTree = "<group>"; };
		30868C602AAB398D00E062C3 /* SingleImageViewController.swift */ = {isa = PBXFileReference; lastKnownFileType = sourcecode.swift; path = SingleImageViewController.swift; sourceTree = "<group>"; };
		30BAAC982ACD72900019B3F1 /* OAuthTokenResponseBody.swift */ = {isa = PBXFileReference; lastKnownFileType = sourcecode.swift; path = OAuthTokenResponseBody.swift; sourceTree = "<group>"; };
		30BAAC9A2ACD747C0019B3F1 /* OAuth2Service.swift */ = {isa = PBXFileReference; lastKnownFileType = sourcecode.swift; path = OAuth2Service.swift; sourceTree = "<group>"; };
		30BAAC9F2ACD79230019B3F1 /* OAuth2TokenStorage.swift */ = {isa = PBXFileReference; lastKnownFileType = sourcecode.swift; path = OAuth2TokenStorage.swift; sourceTree = "<group>"; };
		30D9B3522A9CD59C0086FE71 /* ImageFeed.app */ = {isa = PBXFileReference; explicitFileType = wrapper.application; includeInIndex = 0; path = ImageFeed.app; sourceTree = BUILT_PRODUCTS_DIR; };
		30D9B3552A9CD59C0086FE71 /* AppDelegate.swift */ = {isa = PBXFileReference; lastKnownFileType = sourcecode.swift; path = AppDelegate.swift; sourceTree = "<group>"; };
		30D9B3572A9CD59C0086FE71 /* SceneDelegate.swift */ = {isa = PBXFileReference; lastKnownFileType = sourcecode.swift; path = SceneDelegate.swift; sourceTree = "<group>"; };
		30D9B3592A9CD59C0086FE71 /* ImagesListViewController.swift */ = {isa = PBXFileReference; lastKnownFileType = sourcecode.swift; path = ImagesListViewController.swift; sourceTree = "<group>"; };
		30D9B35C2A9CD59C0086FE71 /* Base */ = {isa = PBXFileReference; lastKnownFileType = file.storyboard; name = Base; path = Base.lproj/Main.storyboard; sourceTree = "<group>"; };
		30D9B35E2A9CD59D0086FE71 /* Assets.xcassets */ = {isa = PBXFileReference; lastKnownFileType = folder.assetcatalog; path = Assets.xcassets; sourceTree = "<group>"; };
		30D9B3612A9CD59D0086FE71 /* Base */ = {isa = PBXFileReference; lastKnownFileType = file.storyboard; name = Base; path = Base.lproj/LaunchScreen.storyboard; sourceTree = "<group>"; };
		30D9B3632A9CD59D0086FE71 /* Info.plist */ = {isa = PBXFileReference; lastKnownFileType = text.plist.xml; path = Info.plist; sourceTree = "<group>"; };
		30F380872AC2BF6C00436B6D /* WebViewViewControllerDelegate.swift */ = {isa = PBXFileReference; lastKnownFileType = sourcecode.swift; path = WebViewViewControllerDelegate.swift; sourceTree = "<group>"; };
		30FFA3592ABDCD2A00A00E1F /* Constants.swift */ = {isa = PBXFileReference; lastKnownFileType = sourcecode.swift; path = Constants.swift; sourceTree = "<group>"; };
/* End PBXFileReference section */

/* Begin PBXFrameworksBuildPhase section */
		30D9B34F2A9CD59C0086FE71 /* Frameworks */ = {
			isa = PBXFrameworksBuildPhase;
			buildActionMask = 2147483647;
			files = (
			);
			runOnlyForDeploymentPostprocessing = 0;
		};
/* End PBXFrameworksBuildPhase section */

/* Begin PBXGroup section */
		3075BE642AC195DE00E599E7 /* Auth */ = {
			isa = PBXGroup;
			children = (
				3075BE672AC1974500E599E7 /* WebViewViewController.swift */,
				3075BE622AC17B4200E599E7 /* AuthViewController.swift */,
				30F380872AC2BF6C00436B6D /* WebViewViewControllerDelegate.swift */,
			);
			path = Auth;
			sourceTree = "<group>";
		};
		30BAAC972ACD71A60019B3F1 /* OAuth */ = {
			isa = PBXGroup;
			children = (
				30BAAC982ACD72900019B3F1 /* OAuthTokenResponseBody.swift */,
				30BAAC9A2ACD747C0019B3F1 /* OAuth2Service.swift */,
				30BAAC9F2ACD79230019B3F1 /* OAuth2TokenStorage.swift */,
			);
			path = OAuth;
			sourceTree = "<group>";
		};
		30D9B3492A9CD59C0086FE71 = {
			isa = PBXGroup;
			children = (
				30D9B3542A9CD59C0086FE71 /* ImageFeed */,
				30D9B3532A9CD59C0086FE71 /* Products */,
			);
			sourceTree = "<group>";
		};
		30D9B3532A9CD59C0086FE71 /* Products */ = {
			isa = PBXGroup;
			children = (
				30D9B3522A9CD59C0086FE71 /* ImageFeed.app */,
			);
			name = Products;
			sourceTree = "<group>";
		};
		30D9B3542A9CD59C0086FE71 /* ImageFeed */ = {
			isa = PBXGroup;
			children = (
				30D9B3552A9CD59C0086FE71 /* AppDelegate.swift */,
				30D9B3572A9CD59C0086FE71 /* SceneDelegate.swift */,
				30868C5E2AAAF17200E062C3 /* ProfileViewController.swift */,
				30FFA3592ABDCD2A00A00E1F /* Constants.swift */,
				30BAAC972ACD71A60019B3F1 /* OAuth */,
				3075BE642AC195DE00E599E7 /* Auth */,
				30F380842AC1C1D400436B6D /* SingleImageViewController */,
				30D9B38D2A9E2ABF0086FE71 /* ImageList */,
				30D9B35B2A9CD59C0086FE71 /* Main.storyboard */,
				30D9B35E2A9CD59D0086FE71 /* Assets.xcassets */,
				30D9B3602A9CD59D0086FE71 /* LaunchScreen.storyboard */,
				30D9B3632A9CD59D0086FE71 /* Info.plist */,
			);
			path = ImageFeed;
			sourceTree = "<group>";
		};
		30D9B38D2A9E2ABF0086FE71 /* ImageList */ = {
			isa = PBXGroup;
			children = (
				30D9B3592A9CD59C0086FE71 /* ImagesListViewController.swift */,
				30794ECA2AA5F06A0007C1CE /* ImagesListCell.swift */,
			);
			path = ImageList;
			sourceTree = "<group>";
		};
		30F380842AC1C1D400436B6D /* SingleImageViewController */ = {
			isa = PBXGroup;
			children = (
				30868C602AAB398D00E062C3 /* SingleImageViewController.swift */,
			);
			path = SingleImageViewController;
			sourceTree = "<group>";
		};
/* End PBXGroup section */

/* Begin PBXNativeTarget section */
		30D9B3512A9CD59C0086FE71 /* ImageFeed */ = {
			isa = PBXNativeTarget;
			buildConfigurationList = 30D9B3662A9CD59D0086FE71 /* Build configuration list for PBXNativeTarget "ImageFeed" */;
			buildPhases = (
				30D9B34E2A9CD59C0086FE71 /* Sources */,
				30D9B34F2A9CD59C0086FE71 /* Frameworks */,
				30D9B3502A9CD59C0086FE71 /* Resources */,
			);
			buildRules = (
			);
			dependencies = (
			);
			name = ImageFeed;
			productName = ImageFeed;
			productReference = 30D9B3522A9CD59C0086FE71 /* ImageFeed.app */;
			productType = "com.apple.product-type.application";
		};
/* End PBXNativeTarget section */

/* Begin PBXProject section */
		30D9B34A2A9CD59C0086FE71 /* Project object */ = {
			isa = PBXProject;
			attributes = {
				BuildIndependentTargetsInParallel = 1;
				LastSwiftUpdateCheck = 1340;
				LastUpgradeCheck = 1340;
				TargetAttributes = {
					30D9B3512A9CD59C0086FE71 = {
						CreatedOnToolsVersion = 13.4.1;
					};
				};
			};
			buildConfigurationList = 30D9B34D2A9CD59C0086FE71 /* Build configuration list for PBXProject "ImageFeed" */;
			compatibilityVersion = "Xcode 13.0";
			developmentRegion = en;
			hasScannedForEncodings = 0;
			knownRegions = (
				en,
				Base,
			);
			mainGroup = 30D9B3492A9CD59C0086FE71;
			productRefGroup = 30D9B3532A9CD59C0086FE71 /* Products */;
			projectDirPath = "";
			projectRoot = "";
			targets = (
				30D9B3512A9CD59C0086FE71 /* ImageFeed */,
			);
		};
/* End PBXProject section */

/* Begin PBXResourcesBuildPhase section */
		30D9B3502A9CD59C0086FE71 /* Resources */ = {
			isa = PBXResourcesBuildPhase;
			buildActionMask = 2147483647;
			files = (
				30D9B3622A9CD59D0086FE71 /* LaunchScreen.storyboard in Resources */,
				30D9B35F2A9CD59D0086FE71 /* Assets.xcassets in Resources */,
				30D9B35D2A9CD59C0086FE71 /* Main.storyboard in Resources */,
			);
			runOnlyForDeploymentPostprocessing = 0;
		};
/* End PBXResourcesBuildPhase section */

/* Begin PBXSourcesBuildPhase section */
		30D9B34E2A9CD59C0086FE71 /* Sources */ = {
			isa = PBXSourcesBuildPhase;
			buildActionMask = 2147483647;
			files = (
				30D9B35A2A9CD59C0086FE71 /* ImagesListViewController.swift in Sources */,
				30F380882AC2BF6C00436B6D /* WebViewViewControllerDelegate.swift in Sources */,
				30BAAC9B2ACD747C0019B3F1 /* OAuth2Service.swift in Sources */,
				30794ECB2AA5F06A0007C1CE /* ImagesListCell.swift in Sources */,
				30868C5F2AAAF17200E062C3 /* ProfileViewController.swift in Sources */,
				30BAAC992ACD72900019B3F1 /* OAuthTokenResponseBody.swift in Sources */,
				30D9B3562A9CD59C0086FE71 /* AppDelegate.swift in Sources */,
				3075BE632AC17B4200E599E7 /* AuthViewController.swift in Sources */,
				30FFA35A2ABDCD2A00A00E1F /* Constants.swift in Sources */,
				30868C612AAB398D00E062C3 /* SingleImageViewController.swift in Sources */,
				3075BE682AC1974500E599E7 /* WebViewViewController.swift in Sources */,
				30BAACA02ACD79230019B3F1 /* OAuth2TokenStorage.swift in Sources */,
				30D9B3582A9CD59C0086FE71 /* SceneDelegate.swift in Sources */,
			);
			runOnlyForDeploymentPostprocessing = 0;
		};
/* End PBXSourcesBuildPhase section */

/* Begin PBXVariantGroup section */
		30D9B35B2A9CD59C0086FE71 /* Main.storyboard */ = {
			isa = PBXVariantGroup;
			children = (
				30D9B35C2A9CD59C0086FE71 /* Base */,
			);
			name = Main.storyboard;
			sourceTree = "<group>";
		};
		30D9B3602A9CD59D0086FE71 /* LaunchScreen.storyboard */ = {
			isa = PBXVariantGroup;
			children = (
				30D9B3612A9CD59D0086FE71 /* Base */,
			);
			name = LaunchScreen.storyboard;
			sourceTree = "<group>";
		};
/* End PBXVariantGroup section */

/* Begin XCBuildConfiguration section */
		30D9B3642A9CD59D0086FE71 /* Debug */ = {
			isa = XCBuildConfiguration;
			buildSettings = {
				ALWAYS_SEARCH_USER_PATHS = NO;
				CLANG_ANALYZER_NONNULL = YES;
				CLANG_ANALYZER_NUMBER_OBJECT_CONVERSION = YES_AGGRESSIVE;
				CLANG_CXX_LANGUAGE_STANDARD = "gnu++17";
				CLANG_ENABLE_MODULES = YES;
				CLANG_ENABLE_OBJC_ARC = YES;
				CLANG_ENABLE_OBJC_WEAK = YES;
				CLANG_WARN_BLOCK_CAPTURE_AUTORELEASING = YES;
				CLANG_WARN_BOOL_CONVERSION = YES;
				CLANG_WARN_COMMA = YES;
				CLANG_WARN_CONSTANT_CONVERSION = YES;
				CLANG_WARN_DEPRECATED_OBJC_IMPLEMENTATIONS = YES;
				CLANG_WARN_DIRECT_OBJC_ISA_USAGE = YES_ERROR;
				CLANG_WARN_DOCUMENTATION_COMMENTS = YES;
				CLANG_WARN_EMPTY_BODY = YES;
				CLANG_WARN_ENUM_CONVERSION = YES;
				CLANG_WARN_INFINITE_RECURSION = YES;
				CLANG_WARN_INT_CONVERSION = YES;
				CLANG_WARN_NON_LITERAL_NULL_CONVERSION = YES;
				CLANG_WARN_OBJC_IMPLICIT_RETAIN_SELF = YES;
				CLANG_WARN_OBJC_LITERAL_CONVERSION = YES;
				CLANG_WARN_OBJC_ROOT_CLASS = YES_ERROR;
				CLANG_WARN_QUOTED_INCLUDE_IN_FRAMEWORK_HEADER = YES;
				CLANG_WARN_RANGE_LOOP_ANALYSIS = YES;
				CLANG_WARN_STRICT_PROTOTYPES = YES;
				CLANG_WARN_SUSPICIOUS_MOVE = YES;
				CLANG_WARN_UNGUARDED_AVAILABILITY = YES_AGGRESSIVE;
				CLANG_WARN_UNREACHABLE_CODE = YES;
				CLANG_WARN__DUPLICATE_METHOD_MATCH = YES;
				COPY_PHASE_STRIP = NO;
				DEBUG_INFORMATION_FORMAT = dwarf;
				ENABLE_STRICT_OBJC_MSGSEND = YES;
				ENABLE_TESTABILITY = YES;
				GCC_C_LANGUAGE_STANDARD = gnu11;
				GCC_DYNAMIC_NO_PIC = NO;
				GCC_NO_COMMON_BLOCKS = YES;
				GCC_OPTIMIZATION_LEVEL = 0;
				GCC_PREPROCESSOR_DEFINITIONS = (
					"DEBUG=1",
					"$(inherited)",
				);
				GCC_WARN_64_TO_32_BIT_CONVERSION = YES;
				GCC_WARN_ABOUT_RETURN_TYPE = YES_ERROR;
				GCC_WARN_UNDECLARED_SELECTOR = YES;
				GCC_WARN_UNINITIALIZED_AUTOS = YES_AGGRESSIVE;
				GCC_WARN_UNUSED_FUNCTION = YES;
				GCC_WARN_UNUSED_VARIABLE = YES;
				IPHONEOS_DEPLOYMENT_TARGET = 13.0;
				MTL_ENABLE_DEBUG_INFO = INCLUDE_SOURCE;
				MTL_FAST_MATH = YES;
				ONLY_ACTIVE_ARCH = YES;
				SDKROOT = iphoneos;
				SWIFT_ACTIVE_COMPILATION_CONDITIONS = DEBUG;
				SWIFT_OPTIMIZATION_LEVEL = "-Onone";
			};
			name = Debug;
		};
		30D9B3652A9CD59D0086FE71 /* Release */ = {
			isa = XCBuildConfiguration;
			buildSettings = {
				ALWAYS_SEARCH_USER_PATHS = NO;
				CLANG_ANALYZER_NONNULL = YES;
				CLANG_ANALYZER_NUMBER_OBJECT_CONVERSION = YES_AGGRESSIVE;
				CLANG_CXX_LANGUAGE_STANDARD = "gnu++17";
				CLANG_ENABLE_MODULES = YES;
				CLANG_ENABLE_OBJC_ARC = YES;
				CLANG_ENABLE_OBJC_WEAK = YES;
				CLANG_WARN_BLOCK_CAPTURE_AUTORELEASING = YES;
				CLANG_WARN_BOOL_CONVERSION = YES;
				CLANG_WARN_COMMA = YES;
				CLANG_WARN_CONSTANT_CONVERSION = YES;
				CLANG_WARN_DEPRECATED_OBJC_IMPLEMENTATIONS = YES;
				CLANG_WARN_DIRECT_OBJC_ISA_USAGE = YES_ERROR;
				CLANG_WARN_DOCUMENTATION_COMMENTS = YES;
				CLANG_WARN_EMPTY_BODY = YES;
				CLANG_WARN_ENUM_CONVERSION = YES;
				CLANG_WARN_INFINITE_RECURSION = YES;
				CLANG_WARN_INT_CONVERSION = YES;
				CLANG_WARN_NON_LITERAL_NULL_CONVERSION = YES;
				CLANG_WARN_OBJC_IMPLICIT_RETAIN_SELF = YES;
				CLANG_WARN_OBJC_LITERAL_CONVERSION = YES;
				CLANG_WARN_OBJC_ROOT_CLASS = YES_ERROR;
				CLANG_WARN_QUOTED_INCLUDE_IN_FRAMEWORK_HEADER = YES;
				CLANG_WARN_RANGE_LOOP_ANALYSIS = YES;
				CLANG_WARN_STRICT_PROTOTYPES = YES;
				CLANG_WARN_SUSPICIOUS_MOVE = YES;
				CLANG_WARN_UNGUARDED_AVAILABILITY = YES_AGGRESSIVE;
				CLANG_WARN_UNREACHABLE_CODE = YES;
				CLANG_WARN__DUPLICATE_METHOD_MATCH = YES;
				COPY_PHASE_STRIP = NO;
				DEBUG_INFORMATION_FORMAT = "dwarf-with-dsym";
				ENABLE_NS_ASSERTIONS = NO;
				ENABLE_STRICT_OBJC_MSGSEND = YES;
				GCC_C_LANGUAGE_STANDARD = gnu11;
				GCC_NO_COMMON_BLOCKS = YES;
				GCC_WARN_64_TO_32_BIT_CONVERSION = YES;
				GCC_WARN_ABOUT_RETURN_TYPE = YES_ERROR;
				GCC_WARN_UNDECLARED_SELECTOR = YES;
				GCC_WARN_UNINITIALIZED_AUTOS = YES_AGGRESSIVE;
				GCC_WARN_UNUSED_FUNCTION = YES;
				GCC_WARN_UNUSED_VARIABLE = YES;
				IPHONEOS_DEPLOYMENT_TARGET = 13.0;
				MTL_ENABLE_DEBUG_INFO = NO;
				MTL_FAST_MATH = YES;
				SDKROOT = iphoneos;
				SWIFT_COMPILATION_MODE = wholemodule;
				SWIFT_OPTIMIZATION_LEVEL = "-O";
				VALIDATE_PRODUCT = YES;
			};
			name = Release;
		};
		30D9B3672A9CD59D0086FE71 /* Debug */ = {
			isa = XCBuildConfiguration;
			buildSettings = {
				ASSETCATALOG_COMPILER_APPICON_NAME = AppIcon;
				ASSETCATALOG_COMPILER_GLOBAL_ACCENT_COLOR_NAME = AccentColor;
				CODE_SIGN_STYLE = Automatic;
				CURRENT_PROJECT_VERSION = 1;
				DEVELOPMENT_TEAM = SGD27FRKX4;
				GENERATE_INFOPLIST_FILE = YES;
				INFOPLIST_FILE = ImageFeed/Info.plist;
				INFOPLIST_KEY_UIApplicationSupportsIndirectInputEvents = YES;
				INFOPLIST_KEY_UILaunchStoryboardName = LaunchScreen;
				INFOPLIST_KEY_UIMainStoryboardFile = Main;
				INFOPLIST_KEY_UISupportedInterfaceOrientations = UIInterfaceOrientationPortrait;
				INFOPLIST_KEY_UISupportedInterfaceOrientations_iPhone = UIInterfaceOrientationPortrait;
				IPHONEOS_DEPLOYMENT_TARGET = 13.0;
				LD_RUNPATH_SEARCH_PATHS = (
					"$(inherited)",
					"@executable_path/Frameworks",
				);
				MARKETING_VERSION = 1.0;
				PRODUCT_BUNDLE_IDENTIFIER = com.djambool.ImageFeed;
				PRODUCT_NAME = "$(TARGET_NAME)";
				SWIFT_EMIT_LOC_STRINGS = YES;
				SWIFT_VERSION = 5.0;
				TARGETED_DEVICE_FAMILY = 1;
			};
			name = Debug;
		};
		30D9B3682A9CD59D0086FE71 /* Release */ = {
			isa = XCBuildConfiguration;
			buildSettings = {
				ASSETCATALOG_COMPILER_APPICON_NAME = AppIcon;
				ASSETCATALOG_COMPILER_GLOBAL_ACCENT_COLOR_NAME = AccentColor;
				CODE_SIGN_STYLE = Automatic;
				CURRENT_PROJECT_VERSION = 1;
				DEVELOPMENT_TEAM = SGD27FRKX4;
				GENERATE_INFOPLIST_FILE = YES;
				INFOPLIST_FILE = ImageFeed/Info.plist;
				INFOPLIST_KEY_UIApplicationSupportsIndirectInputEvents = YES;
				INFOPLIST_KEY_UILaunchStoryboardName = LaunchScreen;
				INFOPLIST_KEY_UIMainStoryboardFile = Main;
				INFOPLIST_KEY_UISupportedInterfaceOrientations = UIInterfaceOrientationPortrait;
				INFOPLIST_KEY_UISupportedInterfaceOrientations_iPhone = UIInterfaceOrientationPortrait;
				IPHONEOS_DEPLOYMENT_TARGET = 13.0;
				LD_RUNPATH_SEARCH_PATHS = (
					"$(inherited)",
					"@executable_path/Frameworks",
				);
				MARKETING_VERSION = 1.0;
				PRODUCT_BUNDLE_IDENTIFIER = com.djambool.ImageFeed;
				PRODUCT_NAME = "$(TARGET_NAME)";
				SWIFT_EMIT_LOC_STRINGS = YES;
				SWIFT_VERSION = 5.0;
				TARGETED_DEVICE_FAMILY = 1;
			};
			name = Release;
		};
/* End XCBuildConfiguration section */

/* Begin XCConfigurationList section */
		30D9B34D2A9CD59C0086FE71 /* Build configuration list for PBXProject "ImageFeed" */ = {
			isa = XCConfigurationList;
			buildConfigurations = (
				30D9B3642A9CD59D0086FE71 /* Debug */,
				30D9B3652A9CD59D0086FE71 /* Release */,
			);
			defaultConfigurationIsVisible = 0;
			defaultConfigurationName = Release;
		};
		30D9B3662A9CD59D0086FE71 /* Build configuration list for PBXNativeTarget "ImageFeed" */ = {
			isa = XCConfigurationList;
			buildConfigurations = (
				30D9B3672A9CD59D0086FE71 /* Debug */,
				30D9B3682A9CD59D0086FE71 /* Release */,
			);
			defaultConfigurationIsVisible = 0;
			defaultConfigurationName = Release;
		};
/* End XCConfigurationList section */
	};
	rootObject = 30D9B34A2A9CD59C0086FE71 /* Project object */;
}
